
Microsoft Visual Studio Solution File, Format Version 12.00
# Visual Studio 14
VisualStudioVersion = 14.0.25420.1
MinimumVisualStudioVersion = 10.0.40219.1
Project("{FAE04EC0-301F-11D3-BF4B-00C04F79EFBC}") = "RemoteObjects", "RemoteObjects\RemoteObjects.csproj", "{66E69F44-67D0-43CF-9A0D-6F647AB045DA}"
EndProject
Project("{FAE04EC0-301F-11D3-BF4B-00C04F79EFBC}") = "RemoteClient", "RemoteClient\RemoteClient.csproj", "{589117B1-3B80-4D22-9655-F48CD4520C5F}"
	ProjectSection(ProjectDependencies) = postProject
		{66E69F44-67D0-43CF-9A0D-6F647AB045DA} = {66E69F44-67D0-43CF-9A0D-6F647AB045DA}
	EndProjectSection
EndProject
Project("{FAE04EC0-301F-11D3-BF4B-00C04F79EFBC}") = "RemoteServer", "RemoteServer\RemoteServer.csproj", "{F3DA3137-44F3-447E-AB27-DF6D1ECCFA74}"
EndProject
Global
	GlobalSection(SolutionConfigurationPlatforms) = preSolution
		Debug|Any CPU = Debug|Any CPU
		Release|Any CPU = Release|Any CPU
	EndGlobalSection
	GlobalSection(ProjectConfigurationPlatforms) = postSolution
		{66E69F44-67D0-43CF-9A0D-6F647AB045DA}.Debug|Any CPU.ActiveCfg = Debug|Any CPU
		{66E69F44-67D0-43CF-9A0D-6F647AB045DA}.Debug|Any CPU.Build.0 = Debug|Any CPU
		{66E69F44-67D0-43CF-9A0D-6F647AB045DA}.Release|Any CPU.ActiveCfg = Release|Any CPU
		{66E69F44-67D0-43CF-9A0D-6F647AB045DA}.Release|Any CPU.Build.0 = Release|Any CPU
		{589117B1-3B80-4D22-9655-F48CD4520C5F}.Debug|Any CPU.ActiveCfg = Debug|Any CPU
		{589117B1-3B80-4D22-9655-F48CD4520C5F}.Debug|Any CPU.Build.0 = Debug|Any CPU
		{589117B1-3B80-4D22-9655-F48CD4520C5F}.Release|Any CPU.ActiveCfg = Release|Any CPU
		{589117B1-3B80-4D22-9655-F48CD4520C5F}.Release|Any CPU.Build.0 = Release|Any CPU
		{F3DA3137-44F3-447E-AB27-DF6D1ECCFA74}.Debug|Any CPU.ActiveCfg = Debug|Any CPU
		{F3DA3137-44F3-447E-AB27-DF6D1ECCFA74}.Debug|Any CPU.Build.0 = Debug|Any CPU
		{F3DA3137-44F3-447E-AB27-DF6D1ECCFA74}.Release|Any CPU.ActiveCfg = Release|Any CPU
		{F3DA3137-44F3-447E-AB27-DF6D1ECCFA74}.Release|Any CPU.Build.0 = Release|Any CPU
	EndGlobalSection
	GlobalSection(SolutionProperties) = preSolution
		HideSolutionNode = FALSE
	EndGlobalSection
EndGlobal
